{
  "nodes": {
    "emacsOverlay": {
      "inputs": {
        "flake-utils": "flake-utils",
        "nixpkgs": "nixpkgs"
      },
      "locked": {
        "lastModified": 1655495667,
        "narHash": "sha256-yE4K0yXskNDFcscDdbWwdRoXNAs6ZWiD4OtR4EmVPmA=",
        "owner": "nix-community",
        "repo": "emacs-overlay",
        "rev": "0932726b94cff810d93d5c22194b1c776f4fc446",
        "type": "github"
      },
      "original": {
        "owner": "nix-community",
        "repo": "emacs-overlay",
        "type": "github"
      }
    },
    "flake-compat": {
      "flake": false,
      "locked": {
        "lastModified": 1650374568,
        "narHash": "sha256-Z+s0J8/r907g149rllvwhb4pKi8Wam5ij0st8PwAh+E=",
        "owner": "edolstra",
        "repo": "flake-compat",
        "rev": "b4a34015c698c7793d592d66adbab377907a2be8",
        "type": "github"
      },
      "original": {
        "owner": "edolstra",
        "repo": "flake-compat",
        "type": "github"
      }
    },
    "flake-utils": {
      "locked": {
        "lastModified": 1653893745,
        "narHash": "sha256-0jntwV3Z8//YwuOjzhV2sgJJPt+HY6KhU7VZUL0fKZQ=",
        "owner": "numtide",
        "repo": "flake-utils",
        "rev": "1ed9fb1935d260de5fe1c2f7ee0ebaae17ed2fa1",
        "type": "github"
      },
      "original": {
        "owner": "numtide",
        "repo": "flake-utils",
        "type": "github"
      }
    },
    "homeManager": {
      "inputs": {
        "flake-compat": "flake-compat",
        "nixpkgs": [
          "nixpkgs"
        ],
        "nmd": "nmd",
        "nmt": "nmt",
        "utils": "utils"
      },
      "locked": {
        "lastModified": 1655381586,
        "narHash": "sha256-2IrSYYjxoT+iOihSiH0Elo9wzjbHjDSH+qPvI5BklCs=",
        "owner": "nix-community",
        "repo": "home-manager",
        "rev": "1de492f6f8e9937c822333739c5d5b20d93bf49f",
        "type": "github"
      },
      "original": {
        "owner": "nix-community",
        "ref": "master",
        "repo": "home-manager",
        "type": "github"
      }
    },
    "nixpkgs": {
      "locked": {
        "lastModified": 1655451545,
        "narHash": "sha256-uLHNGkZbINBZ8Yz9z+/6xF77EVLPTasDyfE/sQpzZ4A=",
        "owner": "NixOS",
        "repo": "nixpkgs",
        "rev": "3802c98cffe636d54dc8f2812d143e50b4b07bb0",
        "type": "github"
      },
      "original": {
        "id": "nixpkgs",
        "type": "indirect"
      }
    },
    "nixpkgs_2": {
      "locked": {
        "lastModified": 1655520991,
        "narHash": "sha256-PF/peh2bfmYBtHyj6QjWGDPAObvy+OHkj05xzjNQSy0=",
        "owner": "nixos",
        "repo": "nixpkgs",
        "rev": "1a46618e1fedd0bbf6ac813b430ff64bcb070b0e",
        "type": "github"
      },
      "original": {
        "owner": "nixos",
        "ref": "master",
        "repo": "nixpkgs",
        "type": "github"
      }
    },
    "nmd": {
      "flake": false,
      "locked": {
        "lastModified": 1653339422,
        "narHash": "sha256-8nc7lcYOgih3YEmRMlBwZaLLJYpLPYKBlewqHqx8ieg=",
        "owner": "rycee",
        "repo": "nmd",
        "rev": "9e7a20e6ee3f6751f699f79c0b299390f81f7bcd",
        "type": "gitlab"
      },
      "original": {
        "owner": "rycee",
        "repo": "nmd",
        "type": "gitlab"
      }
    },
    "nmt": {
      "flake": false,
      "locked": {
        "lastModified": 1648075362,
        "narHash": "sha256-u36WgzoA84dMVsGXzml4wZ5ckGgfnvS0ryzo/3zn/Pc=",
        "owner": "rycee",
        "repo": "nmt",
        "rev": "d83601002c99b78c89ea80e5e6ba21addcfe12ae",
        "type": "gitlab"
      },
      "original": {
        "owner": "rycee",
        "repo": "nmt",
        "type": "gitlab"
      }
    },
    "nur": {
      "locked": {
        "lastModified": 1655521655,
        "narHash": "sha256-ph5zSwQ171qOyXdkFaxvwSP6dj2bfitmath4F0XCwtI=",
        "owner": "nix-community",
        "repo": "NUR",
        "rev": "2f9f457353106c59b5a5c301b68b12c25e1321fa",
        "type": "github"
      },
      "original": {
        "owner": "nix-community",
        "repo": "NUR",
        "type": "github"
      }
    },
    "personal": {
      "inputs": {
        "nixpkgs": [
          "nixpkgs"
        ]
      },
      "locked": {
        "narHash": "sha256-ID/EeDywHFXpW4ktSOlF1Z5hSW7PReWKR2/edV3kggc=",
        "path": "/home/meain/dev/src/nur-packages",
        "type": "path"
      },
      "original": {
        "path": "/home/meain/dev/src/nur-packages",
        "type": "path"
      }
    },
    "root": {
      "inputs": {
        "emacsOverlay": "emacsOverlay",
        "homeManager": "homeManager",
        "nixpkgs": "nixpkgs_2",
        "nur": "nur",
        "personal": "personal",
        "stable": "stable"
      }
    },
    "stable": {
      "locked": {
        "lastModified": 1655415671,
        "narHash": "sha256-WD7HxxW1m8D/fkV1QlCYlZvnE5gQdg7ckq3myI4gPtE=",
        "owner": "NixOS",
        "repo": "nixpkgs",
        "rev": "f96729212602f15a6a226d2f27f5de70492ad095",
        "type": "github"
      },
      "original": {
        "id": "nixpkgs",
        "ref": "nixos-21.11",
        "type": "indirect"
      }
    },
    "utils": {
      "locked": {
        "lastModified": 1653893745,
        "narHash": "sha256-0jntwV3Z8//YwuOjzhV2sgJJPt+HY6KhU7VZUL0fKZQ=",
        "owner": "numtide",
        "repo": "flake-utils",
        "rev": "1ed9fb1935d260de5fe1c2f7ee0ebaae17ed2fa1",
        "type": "github"
      },
      "original": {
        "owner": "numtide",
        "repo": "flake-utils",
        "type": "github"
      }
    }
  },
  "root": "root",
  "version": 7
}
