{
  "nodes": {
    "emacsOverlay": {
      "locked": {
        "lastModified": 1648610035,
        "narHash": "sha256-eQ3/YRbabEJbmRKvo48NHZ2MtgyqnlQfjBXLkBcyqGk=",
        "owner": "nix-community",
        "repo": "emacs-overlay",
        "rev": "26da73dd9129d267f0c8c26b591ab91050c4cdc9",
        "type": "github"
      },
      "original": {
        "owner": "nix-community",
        "repo": "emacs-overlay",
        "type": "github"
      }
    },
    "homeManager": {
      "inputs": {
        "nixpkgs": [
          "nixpkgs"
        ]
      },
      "locked": {
        "lastModified": 1648366999,
        "narHash": "sha256-Sdm0lI2ZBc70EnMMmvfDVY7gIM3M4c2L86EdQ9tKRE4=",
        "owner": "nix-community",
        "repo": "home-manager",
        "rev": "888eac32bd657bfe0d024c8770130d80d1c02cd3",
        "type": "github"
      },
      "original": {
        "owner": "nix-community",
        "repo": "home-manager",
        "type": "github"
      }
    },
    "nixpkgs": {
      "locked": {
        "lastModified": 1638239011,
        "narHash": "sha256-AjhmbT4UBlJWqxY0ea8a6GU2C2HdKUREkG43oRr3TZg=",
        "owner": "nixos",
        "repo": "nixpkgs",
        "rev": "a7ecde854aee5c4c7cd6177f54a99d2c1ff28a31",
        "type": "github"
      },
      "original": {
        "owner": "nixos",
        "ref": "21.11",
        "repo": "nixpkgs",
        "type": "github"
      }
    },
    "nur": {
      "locked": {
        "lastModified": 1648613448,
        "narHash": "sha256-xnpIrgO8maeM/fVuZMDPdI9KKTFSzfUHqiDidA6bIyQ=",
        "owner": "nix-community",
        "repo": "NUR",
        "rev": "987414d743a8e9b3cb48e5ff5bc33e3da5d133b7",
        "type": "github"
      },
      "original": {
        "owner": "nix-community",
        "repo": "NUR",
        "type": "github"
      }
    },
    "personal": {
      "inputs": {
        "nixpkgs": [
          "nixpkgs"
        ]
      },
      "locked": {
        "narHash": "sha256-g0/TtGsj0N1/3SL1ijzSoWRH+aVE20vXqEf1o7Oz0Pg=",
        "path": "/home/meain/dev/src/nur-packages",
        "type": "path"
      },
      "original": {
        "path": "/home/meain/dev/src/nur-packages",
        "type": "path"
      }
    },
    "root": {
      "inputs": {
        "emacsOverlay": "emacsOverlay",
        "homeManager": "homeManager",
        "nixpkgs": "nixpkgs",
        "nur": "nur",
        "personal": "personal",
        "unstable": "unstable"
      }
    },
    "unstable": {
      "locked": {
        "lastModified": 1648608626,
        "narHash": "sha256-UBEltXXJwLpXR+jTpjnQfdlWay1UNqG/9/k31zR1V7I=",
        "owner": "nixos",
        "repo": "nixpkgs",
        "rev": "a9286c66135309916be0bd74dada4c5171e1c689",
        "type": "github"
      },
      "original": {
        "owner": "nixos",
        "ref": "master",
        "repo": "nixpkgs",
        "type": "github"
      }
    }
  },
  "root": "root",
  "version": 7
}
